
Microsoft Visual Studio Solution File, Format Version 12.00
# Visual Studio Version 17
VisualStudioVersion = 17.1.32210.238
MinimumVisualStudioVersion = 10.0.40219.1
Project("{FAE04EC0-301F-11D3-BF4B-00C04F79EFBC}") = "WebAppiUsers", "WebAppiUsers.csproj", "{14E74BD2-25E8-4F98-BB2E-13A697F68A8E}"
EndProject
Global
	GlobalSection(SolutionConfigurationPlatforms) = preSolution
		Debug|Any CPU = Debug|Any CPU
		Release|Any CPU = Release|Any CPU
	EndGlobalSection
	GlobalSection(ProjectConfigurationPlatforms) = postSolution
		{14E74BD2-25E8-4F98-BB2E-13A697F68A8E}.Debug|Any CPU.ActiveCfg = Debug|Any CPU
		{14E74BD2-25E8-4F98-BB2E-13A697F68A8E}.Debug|Any CPU.Build.0 = Debug|Any CPU
		{14E74BD2-25E8-4F98-BB2E-13A697F68A8E}.Release|Any CPU.ActiveCfg = Release|Any CPU
		{14E74BD2-25E8-4F98-BB2E-13A697F68A8E}.Release|Any CPU.Build.0 = Release|Any CPU
	EndGlobalSection
	GlobalSection(SolutionProperties) = preSolution
		HideSolutionNode = FALSE
	EndGlobalSection
	GlobalSection(ExtensibilityGlobals) = postSolution
		SolutionGuid = {6C90C22F-C24D-4549-85D0-E307722BF075}
	EndGlobalSection
EndGlobal
